// !$*UTF8*$!
{
	archiveVersion = 1;
	classes = {
	};
	objectVersion = 55;
	objects = {

/* Begin PBXBuildFile section */
		980D90A42B052A5900EDE73E /* SplashViewModel.swift in Sources */ = {isa = PBXBuildFile; fileRef = 980D90A32B052A5900EDE73E /* SplashViewModel.swift */; };
		980E64DC2B0B9B9F00BEAFB5 /* LaunchButtonStyleSnapshotTests.swift in Sources */ = {isa = PBXBuildFile; fileRef = 980E64DB2B0B9B9F00BEAFB5 /* LaunchButtonStyleSnapshotTests.swift */; };
		980E64DE2B0B9D1A00BEAFB5 /* PhotosButtonStyleSnapshotTests.swift in Sources */ = {isa = PBXBuildFile; fileRef = 980E64DD2B0B9D1A00BEAFB5 /* PhotosButtonStyleSnapshotTests.swift */; };
		980E64E02B0BA00500BEAFB5 /* BackButtonStyleSnapshotTests.swift in Sources */ = {isa = PBXBuildFile; fileRef = 980E64DF2B0BA00500BEAFB5 /* BackButtonStyleSnapshotTests.swift */; };
		98507CEB2B0BA18000787FFB /* RocketCellSnapshotTests.swift in Sources */ = {isa = PBXBuildFile; fileRef = 98507CEA2B0BA18000787FFB /* RocketCellSnapshotTests.swift */; };
		98507CED2B0BA49100787FFB /* FullTestPlan.xctestplan in Resources */ = {isa = PBXBuildFile; fileRef = 98507CEC2B0BA49100787FFB /* FullTestPlan.xctestplan */; };
		98507CF72B0BA4C500787FFB /* RocketLaunchUITestsLaunchTests.swift in Sources */ = {isa = PBXBuildFile; fileRef = 98507CF62B0BA4C500787FFB /* RocketLaunchUITestsLaunchTests.swift */; };
		98507CFF2B0C74D800787FFB /* XCUIElement+Extensions.swift in Sources */ = {isa = PBXBuildFile; fileRef = 98507CFE2B0C74D800787FFB /* XCUIElement+Extensions.swift */; };
		98507D012B0C74F700787FFB /* XCUIApplication+Extensions.swift in Sources */ = {isa = PBXBuildFile; fileRef = 98507D002B0C74F700787FFB /* XCUIApplication+Extensions.swift */; };
		98507D042B0C755300787FFB /* BaseScreen.swift in Sources */ = {isa = PBXBuildFile; fileRef = 98507D032B0C755300787FFB /* BaseScreen.swift */; };
		98507D072B0C75A700787FFB /* RocketsViewUITests.swift in Sources */ = {isa = PBXBuildFile; fileRef = 98507D062B0C75A700787FFB /* RocketsViewUITests.swift */; };
		98507D092B0C75F600787FFB /* UITestCase.swift in Sources */ = {isa = PBXBuildFile; fileRef = 98507D082B0C75F600787FFB /* UITestCase.swift */; };
		98507D0B2B0C764200787FFB /* RocketsScreen.swift in Sources */ = {isa = PBXBuildFile; fileRef = 98507D0A2B0C764200787FFB /* RocketsScreen.swift */; };
		986BA0912B0A55E8005C4452 /* RocketsRepositoryTests.swift in Sources */ = {isa = PBXBuildFile; fileRef = 986BA0902B0A55E8005C4452 /* RocketsRepositoryTests.swift */; };
		986BA0932B0A567C005C4452 /* NetworkProviderMocks in Frameworks */ = {isa = PBXBuildFile; productRef = 986BA0922B0A567C005C4452 /* NetworkProviderMocks */; };
		986BA09C2B0A6773005C4452 /* NETRocket.json in Resources */ = {isa = PBXBuildFile; fileRef = 986BA09B2B0A6773005C4452 /* NETRocket.json */; };
		986BA0A32B0AA897005C4452 /* SnapshotTesting in Frameworks */ = {isa = PBXBuildFile; productRef = 986BA0A22B0AA897005C4452 /* SnapshotTesting */; };
		98A641772B0A3E94007F27CB /* RocketsViewModelTests.swift in Sources */ = {isa = PBXBuildFile; fileRef = 98A641762B0A3E94007F27CB /* RocketsViewModelTests.swift */; };
		98A6417C2B0A3F76007F27CB /* Resolver in Frameworks */ = {isa = PBXBuildFile; productRef = 98A6417B2B0A3F76007F27CB /* Resolver */; };
		98A6417E2B0A3F7D007F27CB /* SharedDomain in Frameworks */ = {isa = PBXBuildFile; productRef = 98A6417D2B0A3F7D007F27CB /* SharedDomain */; };
		98A641802B0A3F82007F27CB /* SharedDomainMocks in Frameworks */ = {isa = PBXBuildFile; productRef = 98A6417F2B0A3F82007F27CB /* SharedDomainMocks */; };
		98A641822B0A3F8C007F27CB /* UIToolkit in Frameworks */ = {isa = PBXBuildFile; productRef = 98A641812B0A3F8C007F27CB /* UIToolkit */; };
		98A641842B0A3F9A007F27CB /* Utilities in Frameworks */ = {isa = PBXBuildFile; productRef = 98A641832B0A3F9A007F27CB /* Utilities */; };
		98A641862B0A3FA6007F27CB /* Rockets in Frameworks */ = {isa = PBXBuildFile; productRef = 98A641852B0A3FA6007F27CB /* Rockets */; };
		98A641882B0A4272007F27CB /* RocketDetailViewModelTests.swift in Sources */ = {isa = PBXBuildFile; fileRef = 98A641872B0A4272007F27CB /* RocketDetailViewModelTests.swift */; };
		E8605D2429BE25AC00E4FE0F /* SpashScreenView.swift in Sources */ = {isa = PBXBuildFile; fileRef = E8605D2329BE25AC00E4FE0F /* SpashScreenView.swift */; };
		E8605D6E29BE6A9A00E4FE0F /* LaunchScreen.storyboard in Resources */ = {isa = PBXBuildFile; fileRef = E8605D6D29BE6A9A00E4FE0F /* LaunchScreen.storyboard */; };
		E8A0232029BF3A0E00BE3455 /* Repositories+Injection.swift in Sources */ = {isa = PBXBuildFile; fileRef = E8A0231F29BF3A0E00BE3455 /* Repositories+Injection.swift */; };
		E8A0232229BF3AC300BE3455 /* RocketsToolkit in Frameworks */ = {isa = PBXBuildFile; productRef = E8A0232129BF3AC300BE3455 /* RocketsToolkit */; };
		E8A0232429BF3DAA00BE3455 /* UseCases+Injection.swift in Sources */ = {isa = PBXBuildFile; fileRef = E8A0232329BF3DAA00BE3455 /* UseCases+Injection.swift */; };
		E8EB665129E3F14000467672 /* Localizable.strings in Resources */ = {isa = PBXBuildFile; fileRef = E8EB665329E3F14000467672 /* Localizable.strings */; };
		E8EB665C29E43DD300467672 /* UserDefaultsProvider in Frameworks */ = {isa = PBXBuildFile; productRef = E8EB665B29E43DD300467672 /* UserDefaultsProvider */; };
		E8F8373E29BCBD73006ED11D /* AppIcon.xcassets in Resources */ = {isa = PBXBuildFile; fileRef = E8F8373D29BCBD73006ED11D /* AppIcon.xcassets */; };
		E8F8374D29BCBDE0006ED11D /* Providers+Injection.swift in Sources */ = {isa = PBXBuildFile; fileRef = E8F8374C29BCBDE0006ED11D /* Providers+Injection.swift */; };
		E8F8375329BCBE70006ED11D /* Resolver in Frameworks */ = {isa = PBXBuildFile; productRef = E8F8375229BCBE70006ED11D /* Resolver */; };
		E8F8375B29BCC02B006ED11D /* NetworkProvider in Frameworks */ = {isa = PBXBuildFile; productRef = E8F8375A29BCC02B006ED11D /* NetworkProvider */; };
		E8F8376329BCC1A8006ED11D /* Rockets in Frameworks */ = {isa = PBXBuildFile; productRef = E8F8376229BCC1A8006ED11D /* Rockets */; };
		E8F8376629BCC25B006ED11D /* RocketDetail in Frameworks */ = {isa = PBXBuildFile; productRef = E8F8376529BCC25B006ED11D /* RocketDetail */; };
		E8F8376829BCCA8D006ED11D /* AppDelegate.swift in Sources */ = {isa = PBXBuildFile; fileRef = E8F8376729BCCA8D006ED11D /* AppDelegate.swift */; };
		E8F8376A29BCCAEB006ED11D /* AppFlowController.swift in Sources */ = {isa = PBXBuildFile; fileRef = E8F8376929BCCAEB006ED11D /* AppFlowController.swift */; };
		E8F8376E29BCCC4F006ED11D /* UIToolkit in Frameworks */ = {isa = PBXBuildFile; productRef = E8F8376D29BCCC4F006ED11D /* UIToolkit */; };
		E8F8377029BCCC53006ED11D /* Utilities in Frameworks */ = {isa = PBXBuildFile; productRef = E8F8376F29BCCC53006ED11D /* Utilities */; };
/* End PBXBuildFile section */

/* Begin PBXContainerItemProxy section */
		98507CF82B0BA4C500787FFB /* PBXContainerItemProxy */ = {
			isa = PBXContainerItemProxy;
			containerPortal = E8F8372E29BCBD72006ED11D /* Project object */;
			proxyType = 1;
			remoteGlobalIDString = E8F8373529BCBD72006ED11D;
			remoteInfo = RocketLaunch;
		};
		98A6416E2B0A3DC6007F27CB /* PBXContainerItemProxy */ = {
			isa = PBXContainerItemProxy;
			containerPortal = E8F8372E29BCBD72006ED11D /* Project object */;
			proxyType = 1;
			remoteGlobalIDString = E8F8373529BCBD72006ED11D;
			remoteInfo = RocketLaunch;
		};
/* End PBXContainerItemProxy section */

/* Begin PBXFileReference section */
		980D90A32B052A5900EDE73E /* SplashViewModel.swift */ = {isa = PBXFileReference; lastKnownFileType = sourcecode.swift; path = SplashViewModel.swift; sourceTree = "<group>"; };
		980E64DB2B0B9B9F00BEAFB5 /* LaunchButtonStyleSnapshotTests.swift */ = {isa = PBXFileReference; lastKnownFileType = sourcecode.swift; path = LaunchButtonStyleSnapshotTests.swift; sourceTree = "<group>"; };
		980E64DD2B0B9D1A00BEAFB5 /* PhotosButtonStyleSnapshotTests.swift */ = {isa = PBXFileReference; lastKnownFileType = sourcecode.swift; path = PhotosButtonStyleSnapshotTests.swift; sourceTree = "<group>"; };
		980E64DF2B0BA00500BEAFB5 /* BackButtonStyleSnapshotTests.swift */ = {isa = PBXFileReference; lastKnownFileType = sourcecode.swift; path = BackButtonStyleSnapshotTests.swift; sourceTree = "<group>"; };
		98507CEA2B0BA18000787FFB /* RocketCellSnapshotTests.swift */ = {isa = PBXFileReference; lastKnownFileType = sourcecode.swift; path = RocketCellSnapshotTests.swift; sourceTree = "<group>"; };
		98507CEC2B0BA49100787FFB /* FullTestPlan.xctestplan */ = {isa = PBXFileReference; fileEncoding = 4; lastKnownFileType = text; path = FullTestPlan.xctestplan; sourceTree = "<group>"; };
		98507CF22B0BA4C500787FFB /* RocketLaunchUITests.xctest */ = {isa = PBXFileReference; explicitFileType = wrapper.cfbundle; includeInIndex = 0; path = RocketLaunchUITests.xctest; sourceTree = BUILT_PRODUCTS_DIR; };
		98507CF62B0BA4C500787FFB /* RocketLaunchUITestsLaunchTests.swift */ = {isa = PBXFileReference; lastKnownFileType = sourcecode.swift; path = RocketLaunchUITestsLaunchTests.swift; sourceTree = "<group>"; };
		98507CFE2B0C74D800787FFB /* XCUIElement+Extensions.swift */ = {isa = PBXFileReference; lastKnownFileType = sourcecode.swift; path = "XCUIElement+Extensions.swift"; sourceTree = "<group>"; };
		98507D002B0C74F700787FFB /* XCUIApplication+Extensions.swift */ = {isa = PBXFileReference; lastKnownFileType = sourcecode.swift; path = "XCUIApplication+Extensions.swift"; sourceTree = "<group>"; };
		98507D032B0C755300787FFB /* BaseScreen.swift */ = {isa = PBXFileReference; lastKnownFileType = sourcecode.swift; path = BaseScreen.swift; sourceTree = "<group>"; };
		98507D062B0C75A700787FFB /* RocketsViewUITests.swift */ = {isa = PBXFileReference; lastKnownFileType = sourcecode.swift; path = RocketsViewUITests.swift; sourceTree = "<group>"; };
		98507D082B0C75F600787FFB /* UITestCase.swift */ = {isa = PBXFileReference; lastKnownFileType = sourcecode.swift; path = UITestCase.swift; sourceTree = "<group>"; };
		98507D0A2B0C764200787FFB /* RocketsScreen.swift */ = {isa = PBXFileReference; lastKnownFileType = sourcecode.swift; path = RocketsScreen.swift; sourceTree = "<group>"; };
		986BA0902B0A55E8005C4452 /* RocketsRepositoryTests.swift */ = {isa = PBXFileReference; lastKnownFileType = sourcecode.swift; path = RocketsRepositoryTests.swift; sourceTree = "<group>"; };
		986BA09B2B0A6773005C4452 /* NETRocket.json */ = {isa = PBXFileReference; fileEncoding = 4; lastKnownFileType = text.json; path = NETRocket.json; sourceTree = "<group>"; };
		98A641622B0A3C72007F27CB /* UnitTests.xctestplan */ = {isa = PBXFileReference; lastKnownFileType = text; path = UnitTests.xctestplan; sourceTree = "<group>"; };
		98A6416A2B0A3DC6007F27CB /* RocketLaunchTests.xctest */ = {isa = PBXFileReference; explicitFileType = wrapper.cfbundle; includeInIndex = 0; path = RocketLaunchTests.xctest; sourceTree = BUILT_PRODUCTS_DIR; };
		98A641762B0A3E94007F27CB /* RocketsViewModelTests.swift */ = {isa = PBXFileReference; lastKnownFileType = sourcecode.swift; path = RocketsViewModelTests.swift; sourceTree = "<group>"; };
		98A641872B0A4272007F27CB /* RocketDetailViewModelTests.swift */ = {isa = PBXFileReference; lastKnownFileType = sourcecode.swift; path = RocketDetailViewModelTests.swift; sourceTree = "<group>"; };
		E8605D2329BE25AC00E4FE0F /* SpashScreenView.swift */ = {isa = PBXFileReference; lastKnownFileType = sourcecode.swift; path = SpashScreenView.swift; sourceTree = "<group>"; };
		E8605D2529BE271F00E4FE0F /* Info.plist */ = {isa = PBXFileReference; lastKnownFileType = text.plist.xml; path = Info.plist; sourceTree = "<group>"; };
		E8605D6D29BE6A9A00E4FE0F /* LaunchScreen.storyboard */ = {isa = PBXFileReference; lastKnownFileType = file.storyboard; path = LaunchScreen.storyboard; sourceTree = "<group>"; };
		E8A0231E29BF10F800BE3455 /* RocketsToolkit */ = {isa = PBXFileReference; lastKnownFileType = wrapper; path = RocketsToolkit; sourceTree = "<group>"; };
		E8A0231F29BF3A0E00BE3455 /* Repositories+Injection.swift */ = {isa = PBXFileReference; lastKnownFileType = sourcecode.swift; path = "Repositories+Injection.swift"; sourceTree = "<group>"; };
		E8A0232329BF3DAA00BE3455 /* UseCases+Injection.swift */ = {isa = PBXFileReference; lastKnownFileType = sourcecode.swift; path = "UseCases+Injection.swift"; sourceTree = "<group>"; };
		E8EB665229E3F14000467672 /* en */ = {isa = PBXFileReference; lastKnownFileType = text.plist.strings; name = en; path = en.lproj/Localizable.strings; sourceTree = "<group>"; };
		E8EB665A29E43C9800467672 /* UserDefaultsProvider */ = {isa = PBXFileReference; lastKnownFileType = wrapper; path = UserDefaultsProvider; sourceTree = "<group>"; };
		E8F8373629BCBD72006ED11D /* RocketLaunch.app */ = {isa = PBXFileReference; explicitFileType = wrapper.application; includeInIndex = 0; path = RocketLaunch.app; sourceTree = BUILT_PRODUCTS_DIR; };
		E8F8373D29BCBD73006ED11D /* AppIcon.xcassets */ = {isa = PBXFileReference; lastKnownFileType = folder.assetcatalog; path = AppIcon.xcassets; sourceTree = "<group>"; };
		E8F8374C29BCBDE0006ED11D /* Providers+Injection.swift */ = {isa = PBXFileReference; fileEncoding = 4; lastKnownFileType = sourcecode.swift; path = "Providers+Injection.swift"; sourceTree = "<group>"; };
		E8F8375529BCBEB1006ED11D /* NetworkProvider */ = {isa = PBXFileReference; lastKnownFileType = wrapper; path = NetworkProvider; sourceTree = "<group>"; };
		E8F8375C29BCC101006ED11D /* SharedDomain */ = {isa = PBXFileReference; lastKnownFileType = wrapper; path = SharedDomain; sourceTree = "<group>"; };
		E8F8375F29BCC13A006ED11D /* Rockets */ = {isa = PBXFileReference; lastKnownFileType = wrapper; path = Rockets; sourceTree = "<group>"; };
		E8F8376429BCC248006ED11D /* RocketDetail */ = {isa = PBXFileReference; lastKnownFileType = wrapper; path = RocketDetail; sourceTree = "<group>"; };
		E8F8376729BCCA8D006ED11D /* AppDelegate.swift */ = {isa = PBXFileReference; lastKnownFileType = sourcecode.swift; path = AppDelegate.swift; sourceTree = "<group>"; };
		E8F8376929BCCAEB006ED11D /* AppFlowController.swift */ = {isa = PBXFileReference; lastKnownFileType = sourcecode.swift; path = AppFlowController.swift; sourceTree = "<group>"; };
		E8F8376B29BCCB8A006ED11D /* UIToolkit */ = {isa = PBXFileReference; lastKnownFileType = wrapper; path = UIToolkit; sourceTree = "<group>"; };
		E8F8376C29BCCC03006ED11D /* Utilities */ = {isa = PBXFileReference; lastKnownFileType = wrapper; path = Utilities; sourceTree = "<group>"; };
/* End PBXFileReference section */

/* Begin PBXFrameworksBuildPhase section */
		98507CEF2B0BA4C500787FFB /* Frameworks */ = {
			isa = PBXFrameworksBuildPhase;
			buildActionMask = 2147483647;
			files = (
			);
			runOnlyForDeploymentPostprocessing = 0;
		};
		98A641672B0A3DC6007F27CB /* Frameworks */ = {
			isa = PBXFrameworksBuildPhase;
			buildActionMask = 2147483647;
			files = (
				98A641862B0A3FA6007F27CB /* Rockets in Frameworks */,
				986BA0932B0A567C005C4452 /* NetworkProviderMocks in Frameworks */,
				98A641802B0A3F82007F27CB /* SharedDomainMocks in Frameworks */,
				98A641822B0A3F8C007F27CB /* UIToolkit in Frameworks */,
				98A6417C2B0A3F76007F27CB /* Resolver in Frameworks */,
				986BA0A32B0AA897005C4452 /* SnapshotTesting in Frameworks */,
				98A641842B0A3F9A007F27CB /* Utilities in Frameworks */,
				98A6417E2B0A3F7D007F27CB /* SharedDomain in Frameworks */,
			);
			runOnlyForDeploymentPostprocessing = 0;
		};
		E8F8373329BCBD72006ED11D /* Frameworks */ = {
			isa = PBXFrameworksBuildPhase;
			buildActionMask = 2147483647;
			files = (
				E8F8375B29BCC02B006ED11D /* NetworkProvider in Frameworks */,
				E8F8376629BCC25B006ED11D /* RocketDetail in Frameworks */,
				E8EB665C29E43DD300467672 /* UserDefaultsProvider in Frameworks */,
				E8F8375329BCBE70006ED11D /* Resolver in Frameworks */,
				E8F8377029BCCC53006ED11D /* Utilities in Frameworks */,
				E8F8376E29BCCC4F006ED11D /* UIToolkit in Frameworks */,
				E8A0232229BF3AC300BE3455 /* RocketsToolkit in Frameworks */,
				E8F8376329BCC1A8006ED11D /* Rockets in Frameworks */,
			);
			runOnlyForDeploymentPostprocessing = 0;
		};
/* End PBXFrameworksBuildPhase section */

/* Begin PBXGroup section */
		980D90A52B0A348500EDE73E /* SplashView */ = {
			isa = PBXGroup;
			children = (
				E8605D2329BE25AC00E4FE0F /* SpashScreenView.swift */,
				980D90A32B052A5900EDE73E /* SplashViewModel.swift */,
			);
			path = SplashView;
			sourceTree = "<group>";
		};
		980E64DA2B0B9B7800BEAFB5 /* Buttons */ = {
			isa = PBXGroup;
			children = (
				980E64DB2B0B9B9F00BEAFB5 /* LaunchButtonStyleSnapshotTests.swift */,
				980E64DD2B0B9D1A00BEAFB5 /* PhotosButtonStyleSnapshotTests.swift */,
				980E64DF2B0BA00500BEAFB5 /* BackButtonStyleSnapshotTests.swift */,
			);
			path = Buttons;
			sourceTree = "<group>";
		};
		98507CE92B0BA15C00787FFB /* Cells */ = {
			isa = PBXGroup;
			children = (
				98507CEA2B0BA18000787FFB /* RocketCellSnapshotTests.swift */,
			);
			path = Cells;
			sourceTree = "<group>";
		};
		98507CF32B0BA4C500787FFB /* RocketLaunchUITests */ = {
			isa = PBXGroup;
			children = (
				98507CFD2B0C74A300787FFB /* Extensions */,
				98507D022B0C753D00787FFB /* ScreenObjects */,
				98507D052B0C757F00787FFB /* Tests */,
				98507D082B0C75F600787FFB /* UITestCase.swift */,
			);
			path = RocketLaunchUITests;
			sourceTree = "<group>";
		};
		98507CFD2B0C74A300787FFB /* Extensions */ = {
			isa = PBXGroup;
			children = (
				98507CFE2B0C74D800787FFB /* XCUIElement+Extensions.swift */,
				98507D002B0C74F700787FFB /* XCUIApplication+Extensions.swift */,
			);
			path = Extensions;
			sourceTree = "<group>";
		};
		98507D022B0C753D00787FFB /* ScreenObjects */ = {
			isa = PBXGroup;
			children = (
				98507D032B0C755300787FFB /* BaseScreen.swift */,
				98507D0A2B0C764200787FFB /* RocketsScreen.swift */,
			);
			path = ScreenObjects;
			sourceTree = "<group>";
		};
		98507D052B0C757F00787FFB /* Tests */ = {
			isa = PBXGroup;
			children = (
				98507D062B0C75A700787FFB /* RocketsViewUITests.swift */,
				98507CF62B0BA4C500787FFB /* RocketLaunchUITestsLaunchTests.swift */,
			);
			path = Tests;
			sourceTree = "<group>";
		};
		986BA08E2B0A55A8005C4452 /* ViewModelsTests */ = {
			isa = PBXGroup;
			children = (
				98A641872B0A4272007F27CB /* RocketDetailViewModelTests.swift */,
				98A641762B0A3E94007F27CB /* RocketsViewModelTests.swift */,
			);
			path = ViewModelsTests;
			sourceTree = "<group>";
		};
		986BA08F2B0A55C3005C4452 /* RepositoriesTests */ = {
			isa = PBXGroup;
			children = (
				986BA0942B0A66E8005C4452 /* Resources */,
				986BA0902B0A55E8005C4452 /* RocketsRepositoryTests.swift */,
			);
			path = RepositoriesTests;
			sourceTree = "<group>";
		};
		986BA0942B0A66E8005C4452 /* Resources */ = {
			isa = PBXGroup;
			children = (
				986BA09B2B0A6773005C4452 /* NETRocket.json */,
			);
			path = Resources;
			sourceTree = "<group>";
		};
		986BA0A42B0AA8A8005C4452 /* SnapshotTests */ = {
			isa = PBXGroup;
			children = (
				980E64DA2B0B9B7800BEAFB5 /* Buttons */,
				98507CE92B0BA15C00787FFB /* Cells */,
			);
			path = SnapshotTests;
			sourceTree = "<group>";
		};
		98A641652B0A3CC8007F27CB /* Configuration */ = {
			isa = PBXGroup;
			children = (
				98A641622B0A3C72007F27CB /* UnitTests.xctestplan */,
				98507CEC2B0BA49100787FFB /* FullTestPlan.xctestplan */,
			);
			path = Configuration;
			sourceTree = "<group>";
		};
		98A6416B2B0A3DC6007F27CB /* RocketLaunchTests */ = {
			isa = PBXGroup;
			children = (
				986BA0A42B0AA8A8005C4452 /* SnapshotTests */,
				98A641732B0A3E38007F27CB /* RocketsTests */,
			);
			path = RocketLaunchTests;
			sourceTree = "<group>";
		};
		98A641732B0A3E38007F27CB /* RocketsTests */ = {
			isa = PBXGroup;
			children = (
				986BA08F2B0A55C3005C4452 /* RepositoriesTests */,
				986BA08E2B0A55A8005C4452 /* ViewModelsTests */,
			);
			path = RocketsTests;
			sourceTree = "<group>";
		};
		E8A0231D29BF108300BE3455 /* Toolkits */ = {
			isa = PBXGroup;
			children = (
				E8A0231E29BF10F800BE3455 /* RocketsToolkit */,
			);
			path = Toolkits;
			sourceTree = "<group>";
		};
		E8F8372D29BCBD72006ED11D = {
			isa = PBXGroup;
			children = (
				E8F8373829BCBD72006ED11D /* RocketLaunch */,
				98A6416B2B0A3DC6007F27CB /* RocketLaunchTests */,
				98507CF32B0BA4C500787FFB /* RocketLaunchUITests */,
				E8F8373729BCBD72006ED11D /* Products */,
				E8F8375729BCC026006ED11D /* Frameworks */,
			);
			sourceTree = "<group>";
		};
		E8F8373729BCBD72006ED11D /* Products */ = {
			isa = PBXGroup;
			children = (
				E8F8373629BCBD72006ED11D /* RocketLaunch.app */,
				98A6416A2B0A3DC6007F27CB /* RocketLaunchTests.xctest */,
				98507CF22B0BA4C500787FFB /* RocketLaunchUITests.xctest */,
			);
			name = Products;
			sourceTree = "<group>";
		};
		E8F8373829BCBD72006ED11D /* RocketLaunch */ = {
			isa = PBXGroup;
			children = (
				E8605D2529BE271F00E4FE0F /* Info.plist */,
				E8F8374A29BCBDA0006ED11D /* Application */,
				98A641652B0A3CC8007F27CB /* Configuration */,
				E8F8374E29BCBE16006ED11D /* PresentationLayer */,
				E8F8374F29BCBE20006ED11D /* DomainLayer */,
				E8F8375029BCBE28006ED11D /* DataLayer */,
			);
			path = RocketLaunch;
			sourceTree = "<group>";
		};
		E8F8374A29BCBDA0006ED11D /* Application */ = {
			isa = PBXGroup;
			children = (
				E8F8374B29BCBDC9006ED11D /* DependencyInjection */,
				980D90A52B0A348500EDE73E /* SplashView */,
				E8F8373D29BCBD73006ED11D /* AppIcon.xcassets */,
				E8F8376729BCCA8D006ED11D /* AppDelegate.swift */,
				E8F8376929BCCAEB006ED11D /* AppFlowController.swift */,
				E8605D6D29BE6A9A00E4FE0F /* LaunchScreen.storyboard */,
				E8EB665329E3F14000467672 /* Localizable.strings */,
			);
			path = Application;
			sourceTree = "<group>";
		};
		E8F8374B29BCBDC9006ED11D /* DependencyInjection */ = {
			isa = PBXGroup;
			children = (
				E8F8374C29BCBDE0006ED11D /* Providers+Injection.swift */,
				E8A0231F29BF3A0E00BE3455 /* Repositories+Injection.swift */,
				E8A0232329BF3DAA00BE3455 /* UseCases+Injection.swift */,
			);
			path = DependencyInjection;
			sourceTree = "<group>";
		};
		E8F8374E29BCBE16006ED11D /* PresentationLayer */ = {
			isa = PBXGroup;
			children = (
				E8F8375F29BCC13A006ED11D /* Rockets */,
				E8F8376429BCC248006ED11D /* RocketDetail */,
				E8F8376B29BCCB8A006ED11D /* UIToolkit */,
			);
			path = PresentationLayer;
			sourceTree = "<group>";
		};
		E8F8374F29BCBE20006ED11D /* DomainLayer */ = {
			isa = PBXGroup;
			children = (
				E8F8375C29BCC101006ED11D /* SharedDomain */,
				E8F8376C29BCCC03006ED11D /* Utilities */,
			);
			path = DomainLayer;
			sourceTree = "<group>";
		};
		E8F8375029BCBE28006ED11D /* DataLayer */ = {
			isa = PBXGroup;
			children = (
				E8A0231D29BF108300BE3455 /* Toolkits */,
				E8F8375429BCBE90006ED11D /* Providers */,
			);
			path = DataLayer;
			sourceTree = "<group>";
		};
		E8F8375429BCBE90006ED11D /* Providers */ = {
			isa = PBXGroup;
			children = (
				E8F8375529BCBEB1006ED11D /* NetworkProvider */,
				E8EB665A29E43C9800467672 /* UserDefaultsProvider */,
			);
			path = Providers;
			sourceTree = "<group>";
		};
		E8F8375729BCC026006ED11D /* Frameworks */ = {
			isa = PBXGroup;
			children = (
			);
			name = Frameworks;
			sourceTree = "<group>";
		};
/* End PBXGroup section */

/* Begin PBXNativeTarget section */
		98507CF12B0BA4C500787FFB /* RocketLaunchUITests */ = {
			isa = PBXNativeTarget;
			buildConfigurationList = 98507CFA2B0BA4C500787FFB /* Build configuration list for PBXNativeTarget "RocketLaunchUITests" */;
			buildPhases = (
				98507CEE2B0BA4C500787FFB /* Sources */,
				98507CEF2B0BA4C500787FFB /* Frameworks */,
				98507CF02B0BA4C500787FFB /* Resources */,
			);
			buildRules = (
			);
			dependencies = (
				98507CF92B0BA4C500787FFB /* PBXTargetDependency */,
			);
			name = RocketLaunchUITests;
			productName = RocketLaunchUITests;
			productReference = 98507CF22B0BA4C500787FFB /* RocketLaunchUITests.xctest */;
			productType = "com.apple.product-type.bundle.ui-testing";
		};
		98A641692B0A3DC6007F27CB /* RocketLaunchTests */ = {
			isa = PBXNativeTarget;
			buildConfigurationList = 98A641702B0A3DC6007F27CB /* Build configuration list for PBXNativeTarget "RocketLaunchTests" */;
			buildPhases = (
				98A641662B0A3DC6007F27CB /* Sources */,
				98A641672B0A3DC6007F27CB /* Frameworks */,
				98A641682B0A3DC6007F27CB /* Resources */,
			);
			buildRules = (
			);
			dependencies = (
				98A6416F2B0A3DC6007F27CB /* PBXTargetDependency */,
			);
			name = RocketLaunchTests;
			packageProductDependencies = (
				98A6417B2B0A3F76007F27CB /* Resolver */,
				98A6417D2B0A3F7D007F27CB /* SharedDomain */,
				98A6417F2B0A3F82007F27CB /* SharedDomainMocks */,
				98A641812B0A3F8C007F27CB /* UIToolkit */,
				98A641832B0A3F9A007F27CB /* Utilities */,
				98A641852B0A3FA6007F27CB /* Rockets */,
				986BA0922B0A567C005C4452 /* NetworkProviderMocks */,
				986BA0A22B0AA897005C4452 /* SnapshotTesting */,
			);
			productName = RocketLaunchTests;
			productReference = 98A6416A2B0A3DC6007F27CB /* RocketLaunchTests.xctest */;
			productType = "com.apple.product-type.bundle.unit-test";
		};
		E8F8373529BCBD72006ED11D /* RocketLaunch */ = {
			isa = PBXNativeTarget;
			buildConfigurationList = E8F8374429BCBD73006ED11D /* Build configuration list for PBXNativeTarget "RocketLaunch" */;
			buildPhases = (
				E8F8373229BCBD72006ED11D /* Sources */,
				E8F8373329BCBD72006ED11D /* Frameworks */,
				E8F8373429BCBD72006ED11D /* Resources */,
			);
			buildRules = (
			);
			dependencies = (
			);
			name = RocketLaunch;
			packageProductDependencies = (
				E8F8375229BCBE70006ED11D /* Resolver */,
				E8F8375A29BCC02B006ED11D /* NetworkProvider */,
				E8F8376229BCC1A8006ED11D /* Rockets */,
				E8F8376529BCC25B006ED11D /* RocketDetail */,
				E8F8376D29BCCC4F006ED11D /* UIToolkit */,
				E8F8376F29BCCC53006ED11D /* Utilities */,
				E8A0232129BF3AC300BE3455 /* RocketsToolkit */,
				E8EB665B29E43DD300467672 /* UserDefaultsProvider */,
			);
			productName = RocketLaunch;
			productReference = E8F8373629BCBD72006ED11D /* RocketLaunch.app */;
			productType = "com.apple.product-type.application";
		};
/* End PBXNativeTarget section */

/* Begin PBXProject section */
		E8F8372E29BCBD72006ED11D /* Project object */ = {
			isa = PBXProject;
			attributes = {
				BuildIndependentTargetsInParallel = 1;
				LastSwiftUpdateCheck = 1430;
				LastUpgradeCheck = 1420;
				TargetAttributes = {
					98507CF12B0BA4C500787FFB = {
						CreatedOnToolsVersion = 14.3.1;
						TestTargetID = E8F8373529BCBD72006ED11D;
					};
					98A641692B0A3DC6007F27CB = {
						CreatedOnToolsVersion = 14.3.1;
						TestTargetID = E8F8373529BCBD72006ED11D;
					};
					E8F8373529BCBD72006ED11D = {
						CreatedOnToolsVersion = 14.2;
					};
				};
			};
			buildConfigurationList = E8F8373129BCBD72006ED11D /* Build configuration list for PBXProject "RocketLaunch" */;
			compatibilityVersion = "Xcode 13.0";
			developmentRegion = en;
			hasScannedForEncodings = 0;
			knownRegions = (
				en,
			);
			mainGroup = E8F8372D29BCBD72006ED11D;
			packageReferences = (
				E8F8375129BCBE70006ED11D /* XCRemoteSwiftPackageReference "Resolver" */,
				986BA09D2B0AA858005C4452 /* XCRemoteSwiftPackageReference "swift-snapshot-testing" */,
			);
			productRefGroup = E8F8373729BCBD72006ED11D /* Products */;
			projectDirPath = "";
			projectRoot = "";
			targets = (
				E8F8373529BCBD72006ED11D /* RocketLaunch */,
				98A641692B0A3DC6007F27CB /* RocketLaunchTests */,
				98507CF12B0BA4C500787FFB /* RocketLaunchUITests */,
			);
		};
/* End PBXProject section */

/* Begin PBXResourcesBuildPhase section */
		98507CF02B0BA4C500787FFB /* Resources */ = {
			isa = PBXResourcesBuildPhase;
			buildActionMask = 2147483647;
			files = (
			);
			runOnlyForDeploymentPostprocessing = 0;
		};
		98A641682B0A3DC6007F27CB /* Resources */ = {
			isa = PBXResourcesBuildPhase;
			buildActionMask = 2147483647;
			files = (
				986BA09C2B0A6773005C4452 /* NETRocket.json in Resources */,
			);
			runOnlyForDeploymentPostprocessing = 0;
		};
		E8F8373429BCBD72006ED11D /* Resources */ = {
			isa = PBXResourcesBuildPhase;
			buildActionMask = 2147483647;
			files = (
				E8F8373E29BCBD73006ED11D /* AppIcon.xcassets in Resources */,
				98507CED2B0BA49100787FFB /* FullTestPlan.xctestplan in Resources */,
				E8EB665129E3F14000467672 /* Localizable.strings in Resources */,
				E8605D6E29BE6A9A00E4FE0F /* LaunchScreen.storyboard in Resources */,
			);
			runOnlyForDeploymentPostprocessing = 0;
		};
/* End PBXResourcesBuildPhase section */

/* Begin PBXSourcesBuildPhase section */
		98507CEE2B0BA4C500787FFB /* Sources */ = {
			isa = PBXSourcesBuildPhase;
			buildActionMask = 2147483647;
			files = (
				98507CFF2B0C74D800787FFB /* XCUIElement+Extensions.swift in Sources */,
				98507D012B0C74F700787FFB /* XCUIApplication+Extensions.swift in Sources */,
				98507CF72B0BA4C500787FFB /* RocketLaunchUITestsLaunchTests.swift in Sources */,
				98507D0B2B0C764200787FFB /* RocketsScreen.swift in Sources */,
				98507D072B0C75A700787FFB /* RocketsViewUITests.swift in Sources */,
				98507D042B0C755300787FFB /* BaseScreen.swift in Sources */,
				98507D092B0C75F600787FFB /* UITestCase.swift in Sources */,
			);
			runOnlyForDeploymentPostprocessing = 0;
		};
		98A641662B0A3DC6007F27CB /* Sources */ = {
			isa = PBXSourcesBuildPhase;
			buildActionMask = 2147483647;
			files = (
				980E64E02B0BA00500BEAFB5 /* BackButtonStyleSnapshotTests.swift in Sources */,
				98A641772B0A3E94007F27CB /* RocketsViewModelTests.swift in Sources */,
				986BA0912B0A55E8005C4452 /* RocketsRepositoryTests.swift in Sources */,
				98507CEB2B0BA18000787FFB /* RocketCellSnapshotTests.swift in Sources */,
				980E64DC2B0B9B9F00BEAFB5 /* LaunchButtonStyleSnapshotTests.swift in Sources */,
				980E64DE2B0B9D1A00BEAFB5 /* PhotosButtonStyleSnapshotTests.swift in Sources */,
				98A641882B0A4272007F27CB /* RocketDetailViewModelTests.swift in Sources */,
			);
			runOnlyForDeploymentPostprocessing = 0;
		};
		E8F8373229BCBD72006ED11D /* Sources */ = {
			isa = PBXSourcesBuildPhase;
			buildActionMask = 2147483647;
			files = (
				E8A0232029BF3A0E00BE3455 /* Repositories+Injection.swift in Sources */,
				E8F8376A29BCCAEB006ED11D /* AppFlowController.swift in Sources */,
				E8F8376829BCCA8D006ED11D /* AppDelegate.swift in Sources */,
				980D90A42B052A5900EDE73E /* SplashViewModel.swift in Sources */,
				E8605D2429BE25AC00E4FE0F /* SpashScreenView.swift in Sources */,
				E8F8374D29BCBDE0006ED11D /* Providers+Injection.swift in Sources */,
				E8A0232429BF3DAA00BE3455 /* UseCases+Injection.swift in Sources */,
			);
			runOnlyForDeploymentPostprocessing = 0;
		};
/* End PBXSourcesBuildPhase section */

/* Begin PBXTargetDependency section */
		98507CF92B0BA4C500787FFB /* PBXTargetDependency */ = {
			isa = PBXTargetDependency;
			target = E8F8373529BCBD72006ED11D /* RocketLaunch */;
			targetProxy = 98507CF82B0BA4C500787FFB /* PBXContainerItemProxy */;
		};
		98A6416F2B0A3DC6007F27CB /* PBXTargetDependency */ = {
			isa = PBXTargetDependency;
			target = E8F8373529BCBD72006ED11D /* RocketLaunch */;
			targetProxy = 98A6416E2B0A3DC6007F27CB /* PBXContainerItemProxy */;
		};
/* End PBXTargetDependency section */

/* Begin PBXVariantGroup section */
		E8EB665329E3F14000467672 /* Localizable.strings */ = {
			isa = PBXVariantGroup;
			children = (
				E8EB665229E3F14000467672 /* en */,
			);
			name = Localizable.strings;
			sourceTree = "<group>";
		};
/* End PBXVariantGroup section */

/* Begin XCBuildConfiguration section */
		98507CFB2B0BA4C500787FFB /* Debug */ = {
			isa = XCBuildConfiguration;
			buildSettings = {
				CODE_SIGN_STYLE = Automatic;
				CURRENT_PROJECT_VERSION = 1;
				DEVELOPMENT_TEAM = LUUBAQN7E2;
				GENERATE_INFOPLIST_FILE = YES;
				IPHONEOS_DEPLOYMENT_TARGET = 16.4;
				MARKETING_VERSION = 1.0;
				PRODUCT_BUNDLE_IDENTIFIER = com.rocketlaunch.RocketLaunchUITests;
				PRODUCT_NAME = "$(TARGET_NAME)";
				SWIFT_EMIT_LOC_STRINGS = NO;
				SWIFT_VERSION = 5.0;
				TARGETED_DEVICE_FAMILY = "1,2";
				TEST_TARGET_NAME = RocketLaunch;
			};
			name = Debug;
		};
		98507CFC2B0BA4C500787FFB /* Release */ = {
			isa = XCBuildConfiguration;
			buildSettings = {
				CODE_SIGN_STYLE = Automatic;
				CURRENT_PROJECT_VERSION = 1;
				DEVELOPMENT_TEAM = LUUBAQN7E2;
				GENERATE_INFOPLIST_FILE = YES;
				IPHONEOS_DEPLOYMENT_TARGET = 16.4;
				MARKETING_VERSION = 1.0;
				PRODUCT_BUNDLE_IDENTIFIER = com.rocketlaunch.RocketLaunchUITests;
				PRODUCT_NAME = "$(TARGET_NAME)";
				SWIFT_EMIT_LOC_STRINGS = NO;
				SWIFT_VERSION = 5.0;
				TARGETED_DEVICE_FAMILY = "1,2";
				TEST_TARGET_NAME = RocketLaunch;
			};
			name = Release;
		};
		98A641712B0A3DC6007F27CB /* Debug */ = {
			isa = XCBuildConfiguration;
			buildSettings = {
				BUNDLE_LOADER = "$(TEST_HOST)";
				CODE_SIGN_STYLE = Automatic;
				CURRENT_PROJECT_VERSION = 1;
				DEVELOPMENT_TEAM = LUUBAQN7E2;
				GENERATE_INFOPLIST_FILE = YES;
				IPHONEOS_DEPLOYMENT_TARGET = 16.4;
				MARKETING_VERSION = 1.0;
				PRODUCT_BUNDLE_IDENTIFIER = com.rocketlaunch.RocketLaunchTests;
				PRODUCT_NAME = "$(TARGET_NAME)";
				SWIFT_EMIT_LOC_STRINGS = NO;
				SWIFT_VERSION = 5.0;
				TARGETED_DEVICE_FAMILY = "1,2";
				TEST_HOST = "$(BUILT_PRODUCTS_DIR)/RocketLaunch.app/$(BUNDLE_EXECUTABLE_FOLDER_PATH)/RocketLaunch";
			};
			name = Debug;
		};
		98A641722B0A3DC6007F27CB /* Release */ = {
			isa = XCBuildConfiguration;
			buildSettings = {
				BUNDLE_LOADER = "$(TEST_HOST)";
				CODE_SIGN_STYLE = Automatic;
				CURRENT_PROJECT_VERSION = 1;
				DEVELOPMENT_TEAM = LUUBAQN7E2;
				GENERATE_INFOPLIST_FILE = YES;
				IPHONEOS_DEPLOYMENT_TARGET = 16.4;
				MARKETING_VERSION = 1.0;
				PRODUCT_BUNDLE_IDENTIFIER = com.rocketlaunch.RocketLaunchTests;
				PRODUCT_NAME = "$(TARGET_NAME)";
				SWIFT_EMIT_LOC_STRINGS = NO;
				SWIFT_VERSION = 5.0;
				TARGETED_DEVICE_FAMILY = "1,2";
				TEST_HOST = "$(BUILT_PRODUCTS_DIR)/RocketLaunch.app/$(BUNDLE_EXECUTABLE_FOLDER_PATH)/RocketLaunch";
			};
			name = Release;
		};
		E8F8374229BCBD73006ED11D /* Debug */ = {
			isa = XCBuildConfiguration;
			buildSettings = {
				ALWAYS_SEARCH_USER_PATHS = NO;
				CLANG_ANALYZER_NONNULL = YES;
				CLANG_ANALYZER_NUMBER_OBJECT_CONVERSION = YES_AGGRESSIVE;
				CLANG_CXX_LANGUAGE_STANDARD = "gnu++20";
				CLANG_ENABLE_MODULES = YES;
				CLANG_ENABLE_OBJC_ARC = YES;
				CLANG_ENABLE_OBJC_WEAK = YES;
				CLANG_WARN_BLOCK_CAPTURE_AUTORELEASING = YES;
				CLANG_WARN_BOOL_CONVERSION = YES;
				CLANG_WARN_COMMA = YES;
				CLANG_WARN_CONSTANT_CONVERSION = YES;
				CLANG_WARN_DEPRECATED_OBJC_IMPLEMENTATIONS = YES;
				CLANG_WARN_DIRECT_OBJC_ISA_USAGE = YES_ERROR;
				CLANG_WARN_DOCUMENTATION_COMMENTS = YES;
				CLANG_WARN_EMPTY_BODY = YES;
				CLANG_WARN_ENUM_CONVERSION = YES;
				CLANG_WARN_INFINITE_RECURSION = YES;
				CLANG_WARN_INT_CONVERSION = YES;
				CLANG_WARN_NON_LITERAL_NULL_CONVERSION = YES;
				CLANG_WARN_OBJC_IMPLICIT_RETAIN_SELF = YES;
				CLANG_WARN_OBJC_LITERAL_CONVERSION = YES;
				CLANG_WARN_OBJC_ROOT_CLASS = YES_ERROR;
				CLANG_WARN_QUOTED_INCLUDE_IN_FRAMEWORK_HEADER = YES;
				CLANG_WARN_RANGE_LOOP_ANALYSIS = YES;
				CLANG_WARN_STRICT_PROTOTYPES = YES;
				CLANG_WARN_SUSPICIOUS_MOVE = YES;
				CLANG_WARN_UNGUARDED_AVAILABILITY = YES_AGGRESSIVE;
				CLANG_WARN_UNREACHABLE_CODE = YES;
				CLANG_WARN__DUPLICATE_METHOD_MATCH = YES;
				COPY_PHASE_STRIP = NO;
				DEBUG_INFORMATION_FORMAT = dwarf;
				ENABLE_STRICT_OBJC_MSGSEND = YES;
				ENABLE_TESTABILITY = YES;
				GCC_C_LANGUAGE_STANDARD = gnu11;
				GCC_DYNAMIC_NO_PIC = NO;
				GCC_NO_COMMON_BLOCKS = YES;
				GCC_OPTIMIZATION_LEVEL = 0;
				GCC_PREPROCESSOR_DEFINITIONS = (
					"DEBUG=1",
					"$(inherited)",
				);
				GCC_WARN_64_TO_32_BIT_CONVERSION = YES;
				GCC_WARN_ABOUT_RETURN_TYPE = YES_ERROR;
				GCC_WARN_UNDECLARED_SELECTOR = YES;
				GCC_WARN_UNINITIALIZED_AUTOS = YES_AGGRESSIVE;
				GCC_WARN_UNUSED_FUNCTION = YES;
				GCC_WARN_UNUSED_VARIABLE = YES;
				IPHONEOS_DEPLOYMENT_TARGET = 15.0;
				MTL_ENABLE_DEBUG_INFO = INCLUDE_SOURCE;
				MTL_FAST_MATH = YES;
				ONLY_ACTIVE_ARCH = YES;
				SDKROOT = iphoneos;
				SWIFT_ACTIVE_COMPILATION_CONDITIONS = DEBUG;
				SWIFT_OPTIMIZATION_LEVEL = "-Onone";
			};
			name = Debug;
		};
		E8F8374329BCBD73006ED11D /* Release */ = {
			isa = XCBuildConfiguration;
			buildSettings = {
				ALWAYS_SEARCH_USER_PATHS = NO;
				CLANG_ANALYZER_NONNULL = YES;
				CLANG_ANALYZER_NUMBER_OBJECT_CONVERSION = YES_AGGRESSIVE;
				CLANG_CXX_LANGUAGE_STANDARD = "gnu++20";
				CLANG_ENABLE_MODULES = YES;
				CLANG_ENABLE_OBJC_ARC = YES;
				CLANG_ENABLE_OBJC_WEAK = YES;
				CLANG_WARN_BLOCK_CAPTURE_AUTORELEASING = YES;
				CLANG_WARN_BOOL_CONVERSION = YES;
				CLANG_WARN_COMMA = YES;
				CLANG_WARN_CONSTANT_CONVERSION = YES;
				CLANG_WARN_DEPRECATED_OBJC_IMPLEMENTATIONS = YES;
				CLANG_WARN_DIRECT_OBJC_ISA_USAGE = YES_ERROR;
				CLANG_WARN_DOCUMENTATION_COMMENTS = YES;
				CLANG_WARN_EMPTY_BODY = YES;
				CLANG_WARN_ENUM_CONVERSION = YES;
				CLANG_WARN_INFINITE_RECURSION = YES;
				CLANG_WARN_INT_CONVERSION = YES;
				CLANG_WARN_NON_LITERAL_NULL_CONVERSION = YES;
				CLANG_WARN_OBJC_IMPLICIT_RETAIN_SELF = YES;
				CLANG_WARN_OBJC_LITERAL_CONVERSION = YES;
				CLANG_WARN_OBJC_ROOT_CLASS = YES_ERROR;
				CLANG_WARN_QUOTED_INCLUDE_IN_FRAMEWORK_HEADER = YES;
				CLANG_WARN_RANGE_LOOP_ANALYSIS = YES;
				CLANG_WARN_STRICT_PROTOTYPES = YES;
				CLANG_WARN_SUSPICIOUS_MOVE = YES;
				CLANG_WARN_UNGUARDED_AVAILABILITY = YES_AGGRESSIVE;
				CLANG_WARN_UNREACHABLE_CODE = YES;
				CLANG_WARN__DUPLICATE_METHOD_MATCH = YES;
				COPY_PHASE_STRIP = NO;
				DEBUG_INFORMATION_FORMAT = "dwarf-with-dsym";
				ENABLE_NS_ASSERTIONS = NO;
				ENABLE_STRICT_OBJC_MSGSEND = YES;
				GCC_C_LANGUAGE_STANDARD = gnu11;
				GCC_NO_COMMON_BLOCKS = YES;
				GCC_WARN_64_TO_32_BIT_CONVERSION = YES;
				GCC_WARN_ABOUT_RETURN_TYPE = YES_ERROR;
				GCC_WARN_UNDECLARED_SELECTOR = YES;
				GCC_WARN_UNINITIALIZED_AUTOS = YES_AGGRESSIVE;
				GCC_WARN_UNUSED_FUNCTION = YES;
				GCC_WARN_UNUSED_VARIABLE = YES;
				IPHONEOS_DEPLOYMENT_TARGET = 15.0;
				MTL_ENABLE_DEBUG_INFO = NO;
				MTL_FAST_MATH = YES;
				SDKROOT = iphoneos;
				SWIFT_COMPILATION_MODE = wholemodule;
				SWIFT_OPTIMIZATION_LEVEL = "-O";
				VALIDATE_PRODUCT = YES;
			};
			name = Release;
		};
		E8F8374529BCBD73006ED11D /* Debug */ = {
			isa = XCBuildConfiguration;
			buildSettings = {
				ASSETCATALOG_COMPILER_APPICON_NAME = AppIcon;
				ASSETCATALOG_COMPILER_GLOBAL_ACCENT_COLOR_NAME = AccentColor;
				CODE_SIGN_IDENTITY = "Apple Development";
				CODE_SIGN_STYLE = Automatic;
				CURRENT_PROJECT_VERSION = 1;
				DEVELOPMENT_ASSET_PATHS = "";
				DEVELOPMENT_TEAM = C5UR3D9Q45;
				ENABLE_PREVIEWS = YES;
				GENERATE_INFOPLIST_FILE = NO;
				INFOPLIST_FILE = RocketLaunch/Info.plist;
				INFOPLIST_KEY_UILaunchScreen_Generation = NO;
				INFOPLIST_KEY_UISupportedInterfaceOrientations_iPad = "UIInterfaceOrientationPortrait UIInterfaceOrientationPortraitUpsideDown UIInterfaceOrientationLandscapeLeft UIInterfaceOrientationLandscapeRight";
				INFOPLIST_KEY_UISupportedInterfaceOrientations_iPhone = "UIInterfaceOrientationPortrait UIInterfaceOrientationLandscapeLeft UIInterfaceOrientationLandscapeRight";
				IPHONEOS_DEPLOYMENT_TARGET = 15.0;
				LD_RUNPATH_SEARCH_PATHS = (
					"$(inherited)",
					"@executable_path/Frameworks",
				);
				MARKETING_VERSION = 1.0;
				PRODUCT_BUNDLE_IDENTIFIER = com.rocketlaunch.RocketLaunch;
				PRODUCT_NAME = "$(TARGET_NAME)";
				PROVISIONING_PROFILE_SPECIFIER = "";
				SWIFT_EMIT_LOC_STRINGS = YES;
				SWIFT_VERSION = 5.0;
				TARGETED_DEVICE_FAMILY = "1,2";
			};
			name = Debug;
		};
		E8F8374629BCBD73006ED11D /* Release */ = {
			isa = XCBuildConfiguration;
			buildSettings = {
				ASSETCATALOG_COMPILER_APPICON_NAME = AppIcon;
				ASSETCATALOG_COMPILER_GLOBAL_ACCENT_COLOR_NAME = AccentColor;
				CODE_SIGN_IDENTITY = "Apple Development";
				CODE_SIGN_STYLE = Automatic;
				CURRENT_PROJECT_VERSION = 1;
				DEVELOPMENT_ASSET_PATHS = "";
				DEVELOPMENT_TEAM = C5UR3D9Q45;
				ENABLE_PREVIEWS = YES;
				GENERATE_INFOPLIST_FILE = NO;
				INFOPLIST_FILE = RocketLaunch/Info.plist;
				INFOPLIST_KEY_UILaunchScreen_Generation = NO;
				INFOPLIST_KEY_UISupportedInterfaceOrientations_iPad = "UIInterfaceOrientationPortrait UIInterfaceOrientationPortraitUpsideDown UIInterfaceOrientationLandscapeLeft UIInterfaceOrientationLandscapeRight";
				INFOPLIST_KEY_UISupportedInterfaceOrientations_iPhone = "UIInterfaceOrientationPortrait UIInterfaceOrientationLandscapeLeft UIInterfaceOrientationLandscapeRight";
				IPHONEOS_DEPLOYMENT_TARGET = 15.0;
				LD_RUNPATH_SEARCH_PATHS = (
					"$(inherited)",
					"@executable_path/Frameworks",
				);
				MARKETING_VERSION = 1.0;
				PRODUCT_BUNDLE_IDENTIFIER = com.rocketlaunch.RocketLaunch;
				PRODUCT_NAME = "$(TARGET_NAME)";
				PROVISIONING_PROFILE_SPECIFIER = "";
				SWIFT_EMIT_LOC_STRINGS = YES;
				SWIFT_VERSION = 5.0;
				TARGETED_DEVICE_FAMILY = "1,2";
			};
			name = Release;
		};
/* End XCBuildConfiguration section */

/* Begin XCConfigurationList section */
		98507CFA2B0BA4C500787FFB /* Build configuration list for PBXNativeTarget "RocketLaunchUITests" */ = {
			isa = XCConfigurationList;
			buildConfigurations = (
				98507CFB2B0BA4C500787FFB /* Debug */,
				98507CFC2B0BA4C500787FFB /* Release */,
			);
			defaultConfigurationIsVisible = 0;
			defaultConfigurationName = Release;
		};
		98A641702B0A3DC6007F27CB /* Build configuration list for PBXNativeTarget "RocketLaunchTests" */ = {
			isa = XCConfigurationList;
			buildConfigurations = (
				98A641712B0A3DC6007F27CB /* Debug */,
				98A641722B0A3DC6007F27CB /* Release */,
			);
			defaultConfigurationIsVisible = 0;
			defaultConfigurationName = Release;
		};
		E8F8373129BCBD72006ED11D /* Build configuration list for PBXProject "RocketLaunch" */ = {
			isa = XCConfigurationList;
			buildConfigurations = (
				E8F8374229BCBD73006ED11D /* Debug */,
				E8F8374329BCBD73006ED11D /* Release */,
			);
			defaultConfigurationIsVisible = 0;
			defaultConfigurationName = Release;
		};
		E8F8374429BCBD73006ED11D /* Build configuration list for PBXNativeTarget "RocketLaunch" */ = {
			isa = XCConfigurationList;
			buildConfigurations = (
				E8F8374529BCBD73006ED11D /* Debug */,
				E8F8374629BCBD73006ED11D /* Release */,
			);
			defaultConfigurationIsVisible = 0;
			defaultConfigurationName = Release;
		};
/* End XCConfigurationList section */

/* Begin XCRemoteSwiftPackageReference section */
		986BA09D2B0AA858005C4452 /* XCRemoteSwiftPackageReference "swift-snapshot-testing" */ = {
			isa = XCRemoteSwiftPackageReference;
			repositoryURL = "https://github.com/pointfreeco/swift-snapshot-testing";
			requirement = {
				kind = upToNextMajorVersion;
				minimumVersion = 1.0.0;
			};
		};
		E8F8375129BCBE70006ED11D /* XCRemoteSwiftPackageReference "Resolver" */ = {
			isa = XCRemoteSwiftPackageReference;
			repositoryURL = "git@github.com:hmlongco/Resolver.git";
			requirement = {
				kind = upToNextMajorVersion;
				minimumVersion = 1.0.0;
			};
		};
/* End XCRemoteSwiftPackageReference section */

/* Begin XCSwiftPackageProductDependency section */
		986BA0922B0A567C005C4452 /* NetworkProviderMocks */ = {
			isa = XCSwiftPackageProductDependency;
			productName = NetworkProviderMocks;
		};
		986BA0A22B0AA897005C4452 /* SnapshotTesting */ = {
			isa = XCSwiftPackageProductDependency;
			package = 986BA09D2B0AA858005C4452 /* XCRemoteSwiftPackageReference "swift-snapshot-testing" */;
			productName = SnapshotTesting;
		};
		98A6417B2B0A3F76007F27CB /* Resolver */ = {
			isa = XCSwiftPackageProductDependency;
			package = E8F8375129BCBE70006ED11D /* XCRemoteSwiftPackageReference "Resolver" */;
			productName = Resolver;
		};
		98A6417D2B0A3F7D007F27CB /* SharedDomain */ = {
			isa = XCSwiftPackageProductDependency;
			productName = SharedDomain;
		};
		98A6417F2B0A3F82007F27CB /* SharedDomainMocks */ = {
			isa = XCSwiftPackageProductDependency;
			productName = SharedDomainMocks;
		};
		98A641812B0A3F8C007F27CB /* UIToolkit */ = {
			isa = XCSwiftPackageProductDependency;
			productName = UIToolkit;
		};
		98A641832B0A3F9A007F27CB /* Utilities */ = {
			isa = XCSwiftPackageProductDependency;
			productName = Utilities;
		};
		98A641852B0A3FA6007F27CB /* Rockets */ = {
			isa = XCSwiftPackageProductDependency;
			productName = Rockets;
		};
		E8A0232129BF3AC300BE3455 /* RocketsToolkit */ = {
			isa = XCSwiftPackageProductDependency;
			productName = RocketsToolkit;
		};
		E8EB665B29E43DD300467672 /* UserDefaultsProvider */ = {
			isa = XCSwiftPackageProductDependency;
			productName = UserDefaultsProvider;
		};
		E8F8375229BCBE70006ED11D /* Resolver */ = {
			isa = XCSwiftPackageProductDependency;
			package = E8F8375129BCBE70006ED11D /* XCRemoteSwiftPackageReference "Resolver" */;
			productName = Resolver;
		};
		E8F8375A29BCC02B006ED11D /* NetworkProvider */ = {
			isa = XCSwiftPackageProductDependency;
			productName = NetworkProvider;
		};
		E8F8376229BCC1A8006ED11D /* Rockets */ = {
			isa = XCSwiftPackageProductDependency;
			productName = Rockets;
		};
		E8F8376529BCC25B006ED11D /* RocketDetail */ = {
			isa = XCSwiftPackageProductDependency;
			productName = RocketDetail;
		};
		E8F8376D29BCCC4F006ED11D /* UIToolkit */ = {
			isa = XCSwiftPackageProductDependency;
			productName = UIToolkit;
		};
		E8F8376F29BCCC53006ED11D /* Utilities */ = {
			isa = XCSwiftPackageProductDependency;
			productName = Utilities;
		};
/* End XCSwiftPackageProductDependency section */
	};
	rootObject = E8F8372E29BCBD72006ED11D /* Project object */;
}
